
Microsoft Visual Studio Solution File, Format Version 12.00
Project("{FAE04EC0-301F-11D3-BF4B-00C04F79EFBC}") = "SoyBoards.UserService.Api", "SoyBoards.UserService.Api\SoyBoards.UserService.Api.csproj", "{7F41CC65-A349-4351-8D6E-63A9B74B8949}"
EndProject
Project("{2150E333-8FDC-42A3-9474-1A3956D46DE8}") = "UserService", "UserService", "{324DE01D-DC3D-400F-BE09-C541199F0970}"
EndProject
Project("{FAE04EC0-301F-11D3-BF4B-00C04F79EFBC}") = "SoyBoards.UserService.Domain", "SoyBoards.UserService.Domain\SoyBoards.UserService.Domain.csproj", "{98250A02-B0CA-4413-A418-24499762B901}"
EndProject
Project("{FAE04EC0-301F-11D3-BF4B-00C04F79EFBC}") = "Common", "Common\Common.csproj", "{C4097BB0-7EF8-4789-897F-02DE1E8CEB2E}"
EndProject
Global
	GlobalSection(SolutionConfigurationPlatforms) = preSolution
		Debug|Any CPU = Debug|Any CPU
		Release|Any CPU = Release|Any CPU
	EndGlobalSection
	GlobalSection(ProjectConfigurationPlatforms) = postSolution
		{7F41CC65-A349-4351-8D6E-63A9B74B8949}.Debug|Any CPU.ActiveCfg = Debug|Any CPU
		{7F41CC65-A349-4351-8D6E-63A9B74B8949}.Debug|Any CPU.Build.0 = Debug|Any CPU
		{7F41CC65-A349-4351-8D6E-63A9B74B8949}.Release|Any CPU.ActiveCfg = Release|Any CPU
		{7F41CC65-A349-4351-8D6E-63A9B74B8949}.Release|Any CPU.Build.0 = Release|Any CPU
		{98250A02-B0CA-4413-A418-24499762B901}.Debug|Any CPU.ActiveCfg = Debug|Any CPU
		{98250A02-B0CA-4413-A418-24499762B901}.Debug|Any CPU.Build.0 = Debug|Any CPU
		{98250A02-B0CA-4413-A418-24499762B901}.Release|Any CPU.ActiveCfg = Release|Any CPU
		{98250A02-B0CA-4413-A418-24499762B901}.Release|Any CPU.Build.0 = Release|Any CPU
		{C4097BB0-7EF8-4789-897F-02DE1E8CEB2E}.Debug|Any CPU.ActiveCfg = Debug|Any CPU
		{C4097BB0-7EF8-4789-897F-02DE1E8CEB2E}.Debug|Any CPU.Build.0 = Debug|Any CPU
		{C4097BB0-7EF8-4789-897F-02DE1E8CEB2E}.Release|Any CPU.ActiveCfg = Release|Any CPU
		{C4097BB0-7EF8-4789-897F-02DE1E8CEB2E}.Release|Any CPU.Build.0 = Release|Any CPU
	EndGlobalSection
	GlobalSection(NestedProjects) = preSolution
		{7F41CC65-A349-4351-8D6E-63A9B74B8949} = {324DE01D-DC3D-400F-BE09-C541199F0970}
		{98250A02-B0CA-4413-A418-24499762B901} = {324DE01D-DC3D-400F-BE09-C541199F0970}
	EndGlobalSection
EndGlobal
